{
  "name": "funhouse",
  "version": "1.0.0",
  "lockfileVersion": 1,
  "requires": true,
  "dependencies": {
    "@dillonchr/bankrupt": {
      "version": "1.1.0",
      "resolved": "https://registry.npmjs.org/@dillonchr/bankrupt/-/bankrupt-1.1.0.tgz",
      "integrity": "sha512-X9nOWqw+mQxlCM2xYk+y5RjJq3qfvcPhAXTQAht1QWVbyMat+heigQXU6mu3Uo1GtXBj5NfnZ5aU12yPxyMazg==",
      "requires": {
        "@dillonchr/ephemeraldb": "^1.0.0",
        "async": "^2.6.1"
      }
    },
    "@dillonchr/bookmancy": {
      "version": "2.0.5",
      "resolved": "https://registry.npmjs.org/@dillonchr/bookmancy/-/bookmancy-2.0.5.tgz",
      "integrity": "sha512-if5QJFC1K91oTgRyhoGVRRqpkWxlx9736eoOnFbV1JFXTVZF4nBAGkXJdFdV/LpueCyKG6hQw9g75+8zlgVzBQ==",
      "requires": {
        "@dillonchr/domget": "^1.0.0",
        "@dillonchr/fetch": "^1.0.1",
        "async": "^2.6.1"
      }
    },
    "@dillonchr/cryptonics": {
      "version": "1.0.0",
      "resolved": "https://registry.npmjs.org/@dillonchr/cryptonics/-/cryptonics-1.0.0.tgz",
      "integrity": "sha512-JbVbDhl/5xcUU9Uc06tT+amCK8j4qYNXGijMpnZPhXKmq0JBkMH7TZcqlTvyCB8ZxEXru0CwL0ZNCjf2MS7/lQ=="
    },
    "@dillonchr/dailytext": {
      "version": "1.0.0",
      "resolved": "https://registry.npmjs.org/@dillonchr/dailytext/-/dailytext-1.0.0.tgz",
      "integrity": "sha512-VdAsUzbK0mGwEJfpP1EkMZiLuJEk2y4kYbRlMc3bkuU0QMaf2kjL2jGrqt0XGL2Ddul/U2L394jEAqfuaeFCRQ==",
      "requires": {
        "node-html-parser": "1.1.6"
      }
    },
    "@dillonchr/domget": {
      "version": "1.0.0",
      "resolved": "https://registry.npmjs.org/@dillonchr/domget/-/domget-1.0.0.tgz",
      "integrity": "sha512-XkDheLrQSjTMPUaT9Jags1CK8ZgyOkSvrwBTKaXzNDKSrbddlzamVOTNaEWe5vn+JMGmIILe+5RH24Sxj6U6XA==",
      "requires": {
        "node-html-parser": "1.1.6"
      }
    },
    "@dillonchr/ephemeraldb": {
      "version": "1.0.0",
      "resolved": "https://registry.npmjs.org/@dillonchr/ephemeraldb/-/ephemeraldb-1.0.0.tgz",
      "integrity": "sha512-NXwjS0U1Omm3pAQhk0x6rr9X9H6wQ48y1Ts+k9F+2ugVMSL9OU9i7jeoO/0bsjD1AU/6PmbctyUDZ2wxtkiJhQ==",
      "requires": {
        "mongodb": "3.0.10"
      }
    },
    "@dillonchr/fetch": {
      "version": "1.0.1",
      "resolved": "https://registry.npmjs.org/@dillonchr/fetch/-/fetch-1.0.1.tgz",
      "integrity": "sha512-p6uHr19b5Sd4x6rImkU1285Q/fWo/QgamYDlVd1i6I7zJbYO/76wnRel9KcuJcGacyaR5Xw7MPy2GvVnB+HpNw=="
    },
    "@dillonchr/fired": {
      "version": "1.0.0",
      "resolved": "https://registry.npmjs.org/@dillonchr/fired/-/fired-1.0.0.tgz",
      "integrity": "sha512-rBsAMFDpYgXqekvzkkl9xnDwDSRHJHpNOJBgnyFQcjhEyTFz13ha7ASeb/lZmeobzJ97dgZEaNj4RBzUs3zicw==",
      "requires": {
        "@dillonchr/domget": "1.0.0",
        "@dillonchr/ephemeraldb": "1.0.0",
        "async": "2.6.1"
      }
    },
    "@dillonchr/gdq": {
      "version": "1.0.0",
      "resolved": "https://registry.npmjs.org/@dillonchr/gdq/-/gdq-1.0.0.tgz",
      "integrity": "sha512-mWBJDclREVt4RIboiGKsUuWs/rUQm4IjZsgKVMUGriSAs5PzimFMGoAVXbgzf7JNNNkCyu0/AGnira1wJzlA1w==",
      "requires": {
        "@dillonchr/domget": "1.0.0",
        "moment": "2.22.2"
      }
    },
    "@dillonchr/inflation": {
      "version": "1.0.0",
      "resolved": "https://registry.npmjs.org/@dillonchr/inflation/-/inflation-1.0.0.tgz",
      "integrity": "sha512-GZMjvLs0Rt+5NL53yHTXMpKUhwtlVTQAkM01YUseR+lV7pNhngjmVCc/b0HqUrc2fD6j9ySv/h82q/m5os933A==",
      "requires": {
        "@dillonchr/domget": "1.0.0"
      }
    },
    "@dillonchr/wfh": {
      "version": "1.0.1",
      "resolved": "https://registry.npmjs.org/@dillonchr/wfh/-/wfh-1.0.1.tgz",
      "integrity": "sha512-2r1ehQkgBZ0oO0swF+F3XJLogz6vvTbWpS1epDk1enxjkCiKvRyVB/sh/Ag/w67krZxWwAaZxj9RdaiWRi9CmA==",
      "requires": {
        "inbox": "1.1.59"
      }
    },
    "addressparser": {
      "version": "1.0.1",
      "resolved": "https://registry.npmjs.org/addressparser/-/addressparser-1.0.1.tgz",
      "integrity": "sha1-R6++GiqSYhkdtoOOT9HTm0CCF0Y="
    },
    "async": {
      "version": "2.6.1",
      "resolved": "https://registry.npmjs.org/async/-/async-2.6.1.tgz",
      "integrity": "sha512-fNEiL2+AZt6AlAw/29Cr0UDe4sRAHCpEHh54WMz+Bb7QfNcFw4h3loofyJpLeQs4Yx7yuqu/2dLgM5hKOs6HlQ==",
      "requires": {
        "lodash": "4.17.10"
      }
    },
    "bson": {
      "version": "1.0.9",
      "resolved": "https://registry.npmjs.org/bson/-/bson-1.0.9.tgz",
      "integrity": "sha512-IQX9/h7WdMBIW/q/++tGd+emQr0XMdeZ6icnT/74Xk9fnabWn+gZgpE+9V+gujL3hhJOoNrnDVY7tWdzc7NUTg=="
    },
    "charenc": {
      "version": "0.0.2",
      "resolved": "https://registry.npmjs.org/charenc/-/charenc-0.0.2.tgz",
      "integrity": "sha1-wKHS86cJLgN3S/qD8UwPxXkKhmc="
    },
    "connect": {
      "version": "3.6.6",
      "resolved": "https://registry.npmjs.org/connect/-/connect-3.6.6.tgz",
      "integrity": "sha1-Ce/2xVr3I24TcTWnJXSFi2eG9SQ=",
      "requires": {
        "debug": "2.6.9",
        "finalhandler": "1.1.0",
        "parseurl": "1.3.2",
        "utils-merge": "1.0.1"
      }
    },
    "cookie": {
      "version": "0.3.1",
      "resolved": "https://registry.npmjs.org/cookie/-/cookie-0.3.1.tgz",
      "integrity": "sha1-5+Ch+e9DtMi6klxcWpboBtFoc7s="
    },
    "crypt": {
      "version": "0.0.2",
      "resolved": "https://registry.npmjs.org/crypt/-/crypt-0.0.2.tgz",
      "integrity": "sha1-iNf/fsDfuG9xPch7u0LQRNPmxBs="
    },
    "debug": {
      "version": "2.6.9",
      "resolved": "https://registry.npmjs.org/debug/-/debug-2.6.9.tgz",
      "integrity": "sha512-bC7ElrdJaJnPbAP+1EotYvqZsb3ecl5wi6Bfi6BJTUcNowp6cvspg0jXznRTKDjm/E7AdgFBVeAPVMNcKGsHMA==",
      "requires": {
        "ms": "2.0.0"
      }
    },
    "dotenv": {
      "version": "4.0.0",
      "resolved": "https://registry.npmjs.org/dotenv/-/dotenv-4.0.0.tgz",
      "integrity": "sha1-hk7xN5rO1Vzm+V3r7NzhefegzR0="
    },
    "ee-first": {
      "version": "1.1.1",
      "resolved": "https://registry.npmjs.org/ee-first/-/ee-first-1.1.1.tgz",
      "integrity": "sha1-WQxhFWsK4vTwJVcyoViyZrxWsh0="
    },
    "encodeurl": {
      "version": "1.0.2",
      "resolved": "https://registry.npmjs.org/encodeurl/-/encodeurl-1.0.2.tgz",
      "integrity": "sha1-rT/0yG7C0CkyL1oCw6mmBslbP1k="
    },
    "encoding": {
      "version": "0.1.12",
      "resolved": "https://registry.npmjs.org/encoding/-/encoding-0.1.12.tgz",
      "integrity": "sha1-U4tm8+5izRq1HsMjgp0flIDHS+s=",
      "requires": {
        "iconv-lite": "0.4.23"
      }
    },
    "escape-html": {
      "version": "1.0.3",
      "resolved": "https://registry.npmjs.org/escape-html/-/escape-html-1.0.3.tgz",
      "integrity": "sha1-Aljq5NPQwJdN4cFpGI7wBR0dGYg="
    },
    "finalhandler": {
      "version": "1.1.0",
      "resolved": "https://registry.npmjs.org/finalhandler/-/finalhandler-1.1.0.tgz",
      "integrity": "sha1-zgtoVbRYU+eRsvzGgARtiCU91/U=",
      "requires": {
        "debug": "2.6.9",
        "encodeurl": "1.0.2",
        "escape-html": "1.0.3",
        "on-finished": "2.3.0",
        "parseurl": "1.3.2",
        "statuses": "1.3.1",
        "unpipe": "1.0.0"
      }
    },
    "he": {
      "version": "1.1.1",
      "resolved": "https://registry.npmjs.org/he/-/he-1.1.1.tgz",
      "integrity": "sha1-k0EP0hsAlzUVH4howvJx80J+I/0="
    },
    "iconv-lite": {
      "version": "0.4.23",
      "resolved": "https://registry.npmjs.org/iconv-lite/-/iconv-lite-0.4.23.tgz",
      "integrity": "sha512-neyTUVFtahjf0mB3dZT77u+8O0QB89jFdnBkd5P1JgYPbPaia3gXXOVL2fq8VyU2gMMD7SaN7QukTB/pmXYvDA==",
      "requires": {
        "safer-buffer": "2.1.2"
      }
    },
    "inbox": {
      "version": "1.1.59",
      "resolved": "https://registry.npmjs.org/inbox/-/inbox-1.1.59.tgz",
      "integrity": "sha1-k09SDe3YhBJ3DCIpS2Kd5NYWbQc=",
      "requires": {
        "mimelib": "0.3.1",
        "utf7": "1.0.2",
        "xoauth2": "1.2.0"
      }
    },
    "is-buffer": {
      "version": "1.1.6",
      "resolved": "https://registry.npmjs.org/is-buffer/-/is-buffer-1.1.6.tgz",
      "integrity": "sha512-NcdALwpXkTm5Zvvbk7owOUSvVvBKDgKP5/ewfXEznmQFfs4ZRmanOeKBTjRVjka3QFoN6XJ+9F3USqfHqTaU5w=="
    },
    "lodash": {
      "version": "4.17.10",
      "resolved": "https://registry.npmjs.org/lodash/-/lodash-4.17.10.tgz",
      "integrity": "sha512-UejweD1pDoXu+AD825lWwp4ZGtSwgnpZxb3JDViD7StjQz+Nb/6l093lx4OQ0foGWNRoc19mWy7BzL+UAK2iVg=="
    },
    "md5": {
      "version": "2.2.1",
      "resolved": "https://registry.npmjs.org/md5/-/md5-2.2.1.tgz",
      "integrity": "sha1-U6s41f48iJG6RlMp6iP6wFQBJvk=",
      "requires": {
        "charenc": "0.0.2",
        "crypt": "0.0.2",
        "is-buffer": "1.1.6"
      }
    },
    "mimelib": {
      "version": "0.3.1",
      "resolved": "https://registry.npmjs.org/mimelib/-/mimelib-0.3.1.tgz",
      "integrity": "sha1-eHrdJBXYJ6yzr27EvKHqlZZBiFM=",
      "requires": {
        "addressparser": "1.0.1",
        "encoding": "0.1.12"
      }
    },
    "moment": {
      "version": "2.22.2",
      "resolved": "https://registry.npmjs.org/moment/-/moment-2.22.2.tgz",
      "integrity": "sha512-LRvkBHaJGnrcWvqsElsOhHCzj8mU39wLx5pQ0pc6s153GynCTsPdGdqsVNKAQD9sKnWj11iF7TZx9fpLwdD3fw=="
    },
    "mongodb": {
      "version": "3.0.10",
      "resolved": "https://registry.npmjs.org/mongodb/-/mongodb-3.0.10.tgz",
      "integrity": "sha512-jy9s4FgcM4rl8sHNETYHGeWcuRh9AlwQCUuMiTj041t/HD02HwyFgmm2VZdd9/mA9YNHaUJLqj0tzBx2QFivtg==",
      "requires": {
        "mongodb-core": "3.0.9"
      }
    },
    "mongodb-core": {
      "version": "3.0.9",
      "resolved": "https://registry.npmjs.org/mongodb-core/-/mongodb-core-3.0.9.tgz",
      "integrity": "sha512-buOWjdLLBlEqjHDeHYSXqXx173wHMVp7bafhdHxSjxWdB9V6Ri4myTqxjYZwL/eGFZxvd8oRQSuhwuIDbaaB+g==",
      "requires": {
        "bson": "1.0.9",
        "require_optional": "1.0.1"
      }
    },
    "ms": {
      "version": "2.0.0",
      "resolved": "https://registry.npmjs.org/ms/-/ms-2.0.0.tgz",
      "integrity": "sha1-VgiurfwAvmwpAd9fmGF4jeDVl8g="
    },
    "node-html-parser": {
      "version": "1.1.6",
      "resolved": "https://registry.npmjs.org/node-html-parser/-/node-html-parser-1.1.6.tgz",
      "integrity": "sha512-3eod8sQ5gSycATIrlYbBFglWPsfSH47SHKzFVhyUIGAFPY6U5+1AravXOfGFautM5DCV0uN5K3UJd7pAKIQaBg==",
      "requires": {
        "he": "1.1.1"
      }
    },
    "on-finished": {
      "version": "2.3.0",
      "resolved": "https://registry.npmjs.org/on-finished/-/on-finished-2.3.0.tgz",
      "integrity": "sha1-IPEzZIGwg811M3mSoWlxqi2QaUc=",
      "requires": {
        "ee-first": "1.1.1"
      }
    },
    "parseurl": {
      "version": "1.3.2",
      "resolved": "https://registry.npmjs.org/parseurl/-/parseurl-1.3.2.tgz",
      "integrity": "sha1-/CidTtiZMRlGDBViUyYs3I3mW/M="
    },
    "raven": {
      "version": "2.6.2",
      "resolved": "https://registry.npmjs.org/raven/-/raven-2.6.2.tgz",
      "integrity": "sha1-yS8wiQ4t/NFSWNGE5D45Mm5YAy4=",
      "requires": {
        "cookie": "0.3.1",
        "md5": "2.2.1",
        "stack-trace": "0.0.10",
        "timed-out": "4.0.1",
        "uuid": "3.0.0"
      },
      "dependencies": {
        "uuid": {
          "version": "3.0.0",
          "resolved": "https://registry.npmjs.org/uuid/-/uuid-3.0.0.tgz",
          "integrity": "sha1-Zyj8BFnEUNeWqZwxg3VpvfZy1yg="
        }
      }
    },
    "require_optional": {
      "version": "1.0.1",
      "resolved": "https://registry.npmjs.org/require_optional/-/require_optional-1.0.1.tgz",
      "integrity": "sha1-TPNaQkf2TKPfjC7yCMxJSxyo/C4=",
      "requires": {
        "resolve-from": "2.0.0",
        "semver": "5.5.0"
      }
    },
    "resolve-from": {
      "version": "2.0.0",
      "resolved": "https://registry.npmjs.org/resolve-from/-/resolve-from-2.0.0.tgz",
      "integrity": "sha1-lICrIOlP+h2egKgEx+oUdhGWa1c="
    },
    "safer-buffer": {
      "version": "2.1.2",
      "resolved": "https://registry.npmjs.org/safer-buffer/-/safer-buffer-2.1.2.tgz",
      "integrity": "sha512-YZo3K82SD7Riyi0E1EQPojLz7kpepnSQI9IyPbHHg1XXXevb5dJI7tpyN2ADxGcQbHG7vcyRHk0cbwqcQriUtg=="
    },
    "semver": {
      "version": "5.5.0",
      "resolved": "https://registry.npmjs.org/semver/-/semver-5.5.0.tgz",
      "integrity": "sha512-4SJ3dm0WAwWy/NVeioZh5AntkdJoWKxHxcmyP622fOkgHa4z3R0TdBJICINyaSDE6uNwVc8gZr+ZinwZAH4xIA=="
    },
    "stack-trace": {
      "version": "0.0.10",
      "resolved": "https://registry.npmjs.org/stack-trace/-/stack-trace-0.0.10.tgz",
      "integrity": "sha1-VHxws0fo0ytOEI6hoqFZ5f3eGcA="
    },
    "statuses": {
      "version": "1.3.1",
      "resolved": "https://registry.npmjs.org/statuses/-/statuses-1.3.1.tgz",
      "integrity": "sha1-+vUbnrdKrvOzrPStX2Gr8ky3uT4="
    },
    "timed-out": {
      "version": "4.0.1",
      "resolved": "https://registry.npmjs.org/timed-out/-/timed-out-4.0.1.tgz",
      "integrity": "sha1-8y6srFoXW+ol1/q1Zas+2HQe9W8="
    },
    "unpipe": {
      "version": "1.0.0",
      "resolved": "https://registry.npmjs.org/unpipe/-/unpipe-1.0.0.tgz",
      "integrity": "sha1-sr9O6FFKrmFltIF4KdIbLvSZBOw="
    },
    "utf7": {
      "version": "1.0.2",
      "resolved": "https://registry.npmjs.org/utf7/-/utf7-1.0.2.tgz",
      "integrity": "sha1-lV9JCq5lO6IguUVqCod2wZk2CZE=",
      "requires": {
        "semver": "5.3.0"
      },
      "dependencies": {
        "semver": {
          "version": "5.3.0",
          "resolved": "https://registry.npmjs.org/semver/-/semver-5.3.0.tgz",
          "integrity": "sha1-myzl094C0XxgEq0yaqa00M9U+U8="
        }
      }
    },
    "utils-merge": {
      "version": "1.0.1",
      "resolved": "https://registry.npmjs.org/utils-merge/-/utils-merge-1.0.1.tgz",
      "integrity": "sha1-n5VxD1CiZ5R7LMwSR0HBAoQn5xM="
    },
    "xoauth2": {
      "version": "1.2.0",
      "resolved": "https://registry.npmjs.org/xoauth2/-/xoauth2-1.2.0.tgz",
      "integrity": "sha1-8u76wRRyyXHqO8RuVU60sSMhRuU="
    }
  }
}
